# THIS IS AN AUTOGENERATED FILE. DO NOT EDIT THIS FILE DIRECTLY.
# yarn lockfile v1


shower-core@^2.1.0:
  version "2.1.0"
  resolved "https://registry.yarnpkg.com/shower-core/-/shower-core-2.1.0.tgz#7327ae3a847a0b0b9612f4ad4c648ff3639ce416"

shower-material@^1.1.0:
  version "1.1.0"
  resolved "https://registry.yarnpkg.com/shower-material/-/shower-material-1.1.0.tgz#390dc0558cd0fe18176b1b23829cf59455f31638"

shower-ribbon@^2.1.0:
  version "2.1.0"
  resolved "https://registry.yarnpkg.com/shower-ribbon/-/shower-ribbon-2.1.0.tgz#4dc565e3288fb2dd9d10bed92c2afa8c29b5bff0"

shower@^2.1.1:
  version "2.3.0"
  resolved "https://registry.yarnpkg.com/shower/-/shower-2.3.0.tgz#cec5329eee71550466297a363b84ab485c4f5069"
  dependencies:
    shower-core "^2.1.0"
    shower-material "^1.1.0"
    shower-ribbon "^2.1.0"
